
Microsoft Visual Studio Solution File, Format Version 12.00
# Visual Studio Version 17
VisualStudioVersion = 17.3.32804.467
MinimumVisualStudioVersion = 10.0.40219.1
Project("{9A19103F-16F7-4668-BE54-9A1E7A4F7556}") = "ScriptCord.Bot", "ScriptCord.Bot\ScriptCord.Bot.csproj", "{DAEE4E77-C885-49CC-BEB4-3791FB707E50}"
EndProject
Project("{9A19103F-16F7-4668-BE54-9A1E7A4F7556}") = "ScriptCord.Migrations", "ScriptCord.Migrations\ScriptCord.Migrations.csproj", "{2D17A329-9915-4A7B-AA49-87E7D4BE16D4}"
EndProject
Project("{FAE04EC0-301F-11D3-BF4B-00C04F79EFBC}") = "ScriptCord.Core", "ScriptCord.Core\ScriptCord.Core.csproj", "{0257AC4E-531B-4762-A106-0757DD51DF64}"
EndProject
Global
	GlobalSection(SolutionConfigurationPlatforms) = preSolution
		Debug|Any CPU = Debug|Any CPU
		Release|Any CPU = Release|Any CPU
	EndGlobalSection
	GlobalSection(ProjectConfigurationPlatforms) = postSolution
		{DAEE4E77-C885-49CC-BEB4-3791FB707E50}.Debug|Any CPU.ActiveCfg = Debug|Any CPU
		{DAEE4E77-C885-49CC-BEB4-3791FB707E50}.Debug|Any CPU.Build.0 = Debug|Any CPU
		{DAEE4E77-C885-49CC-BEB4-3791FB707E50}.Release|Any CPU.ActiveCfg = Release|Any CPU
		{DAEE4E77-C885-49CC-BEB4-3791FB707E50}.Release|Any CPU.Build.0 = Release|Any CPU
		{2D17A329-9915-4A7B-AA49-87E7D4BE16D4}.Debug|Any CPU.ActiveCfg = Debug|Any CPU
		{2D17A329-9915-4A7B-AA49-87E7D4BE16D4}.Debug|Any CPU.Build.0 = Debug|Any CPU
		{2D17A329-9915-4A7B-AA49-87E7D4BE16D4}.Release|Any CPU.ActiveCfg = Release|Any CPU
		{2D17A329-9915-4A7B-AA49-87E7D4BE16D4}.Release|Any CPU.Build.0 = Release|Any CPU
		{0257AC4E-531B-4762-A106-0757DD51DF64}.Debug|Any CPU.ActiveCfg = Debug|Any CPU
		{0257AC4E-531B-4762-A106-0757DD51DF64}.Debug|Any CPU.Build.0 = Debug|Any CPU
		{0257AC4E-531B-4762-A106-0757DD51DF64}.Release|Any CPU.ActiveCfg = Release|Any CPU
		{0257AC4E-531B-4762-A106-0757DD51DF64}.Release|Any CPU.Build.0 = Release|Any CPU
	EndGlobalSection
	GlobalSection(SolutionProperties) = preSolution
		HideSolutionNode = FALSE
	EndGlobalSection
	GlobalSection(ExtensibilityGlobals) = postSolution
		SolutionGuid = {DB65B92D-49F8-4A77-A246-EAFB6C862DE7}
	EndGlobalSection
EndGlobal
